
Microsoft Visual Studio Solution File, Format Version 12.00
# Visual Studio Version 17
VisualStudioVersion = 17.5.33516.290
MinimumVisualStudioVersion = 10.0.40219.1
Project("{FAE04EC0-301F-11D3-BF4B-00C04F79EFBC}") = "test", "test\test.csproj", "{7ADD76E5-43F4-4174-A787-59B293C4EC8B}"
EndProject
Global
	GlobalSection(SolutionConfigurationPlatforms) = preSolution
		Debug|Any CPU = Debug|Any CPU
		Release|Any CPU = Release|Any CPU
	EndGlobalSection
	GlobalSection(ProjectConfigurationPlatforms) = postSolution
		{7ADD76E5-43F4-4174-A787-59B293C4EC8B}.Debug|Any CPU.ActiveCfg = Debug|Any CPU
		{7ADD76E5-43F4-4174-A787-59B293C4EC8B}.Debug|Any CPU.Build.0 = Debug|Any CPU
		{7ADD76E5-43F4-4174-A787-59B293C4EC8B}.Release|Any CPU.ActiveCfg = Release|Any CPU
		{7ADD76E5-43F4-4174-A787-59B293C4EC8B}.Release|Any CPU.Build.0 = Release|Any CPU
	EndGlobalSection
	GlobalSection(SolutionProperties) = preSolution
		HideSolutionNode = FALSE
	EndGlobalSection
	GlobalSection(ExtensibilityGlobals) = postSolution
		SolutionGuid = {94D7B46B-59D9-4C55-94F8-BA09931315D7}
	EndGlobalSection
EndGlobal
